{
  "name": "220616omok",
  "version": "1.0.0",
  "lockfileVersion": 2,
  "requires": true,
  "packages": {
    "": {
      "name": "220616omok",
      "version": "1.0.0",
      "license": "ISC",
      "dependencies": {
        "@types/google-apps-script": "^1.0.48"
      }
    },
    "node_modules/@types/google-apps-script": {
      "version": "1.0.48",
      "resolved": "https://registry.npmjs.org/@types/google-apps-script/-/google-apps-script-1.0.48.tgz",
      "integrity": "sha512-DgM4y8E2LfHHPn+jeb/sXpHMiYwyc6A3wlpFNjB/o5pvqsMNEYVLK2dHKJD0VYOqstbFt/cgCUUC8DB9p1pCAQ=="
    }
  },
  "dependencies": {
    "@types/google-apps-script": {
      "version": "1.0.48",
      "resolved": "https://registry.npmjs.org/@types/google-apps-script/-/google-apps-script-1.0.48.tgz",
      "integrity": "sha512-DgM4y8E2LfHHPn+jeb/sXpHMiYwyc6A3wlpFNjB/o5pvqsMNEYVLK2dHKJD0VYOqstbFt/cgCUUC8DB9p1pCAQ=="
    }
  }
}
